
Microsoft Visual Studio Solution File, Format Version 12.00
# Visual Studio Version 16
VisualStudioVersion = 16.0.30114.105
MinimumVisualStudioVersion = 10.0.40219.1
Project("{FAE04EC0-301F-11D3-BF4B-00C04F79EFBC}") = "SoulsFrameDataAnalyzer", "SoulsFrameDataAnalyzer\SoulsFrameDataAnalyzer.csproj", "{3025E030-AE93-4304-889E-D0163038913B}"
EndProject
Project("{FAE04EC0-301F-11D3-BF4B-00C04F79EFBC}") = "SoulsFormats", "SoulsFormats\SoulsFormats\SoulsFormats.csproj", "{D0A31F0D-6884-43ED-998E-EEC92990ED3B}"
EndProject
Project("{FAE04EC0-301F-11D3-BF4B-00C04F79EFBC}") = "SFAnimExtensions", "SFAnimExtensions\SFAnimExtensions\SFAnimExtensions.csproj", "{83A228A5-42C0-4928-8312-70D2D5C965B3}"
EndProject
Global
	GlobalSection(SolutionConfigurationPlatforms) = preSolution
		Debug|Any CPU = Debug|Any CPU
		Release|Any CPU = Release|Any CPU
	EndGlobalSection
	GlobalSection(ProjectConfigurationPlatforms) = postSolution
		{3025E030-AE93-4304-889E-D0163038913B}.Debug|Any CPU.ActiveCfg = Debug|Any CPU
		{3025E030-AE93-4304-889E-D0163038913B}.Debug|Any CPU.Build.0 = Debug|Any CPU
		{3025E030-AE93-4304-889E-D0163038913B}.Release|Any CPU.ActiveCfg = Release|Any CPU
		{3025E030-AE93-4304-889E-D0163038913B}.Release|Any CPU.Build.0 = Release|Any CPU
		{D0A31F0D-6884-43ED-998E-EEC92990ED3B}.Debug|Any CPU.ActiveCfg = Debug|Any CPU
		{D0A31F0D-6884-43ED-998E-EEC92990ED3B}.Debug|Any CPU.Build.0 = Debug|Any CPU
		{D0A31F0D-6884-43ED-998E-EEC92990ED3B}.Release|Any CPU.ActiveCfg = Release|Any CPU
		{D0A31F0D-6884-43ED-998E-EEC92990ED3B}.Release|Any CPU.Build.0 = Release|Any CPU
		{83A228A5-42C0-4928-8312-70D2D5C965B3}.Debug|Any CPU.ActiveCfg = Debug|Any CPU
		{83A228A5-42C0-4928-8312-70D2D5C965B3}.Debug|Any CPU.Build.0 = Debug|Any CPU
		{83A228A5-42C0-4928-8312-70D2D5C965B3}.Release|Any CPU.ActiveCfg = Release|Any CPU
		{83A228A5-42C0-4928-8312-70D2D5C965B3}.Release|Any CPU.Build.0 = Release|Any CPU
	EndGlobalSection
	GlobalSection(SolutionProperties) = preSolution
		HideSolutionNode = FALSE
	EndGlobalSection
	GlobalSection(ExtensibilityGlobals) = postSolution
		SolutionGuid = {B7994D76-894B-4054-B63E-B96D44282330}
	EndGlobalSection
EndGlobal
